// !$*UTF8*$!
{
	archiveVersion = 1;
	classes = {
	};
	objectVersion = 50;
	objects = {

/* Begin PBXBuildFile section */
		50FF346E21AD77B400EF8513 /* AppDelegate.swift in Sources */ = {isa = PBXBuildFile; fileRef = 50FF346D21AD77B400EF8513 /* AppDelegate.swift */; };
		50FF347321AD77B400EF8513 /* Main.storyboard in Resources */ = {isa = PBXBuildFile; fileRef = 50FF347121AD77B400EF8513 /* Main.storyboard */; };
		50FF347521AD77B700EF8513 /* Assets.xcassets in Resources */ = {isa = PBXBuildFile; fileRef = 50FF347421AD77B700EF8513 /* Assets.xcassets */; };
		50FF347821AD77B700EF8513 /* LaunchScreen.storyboard in Resources */ = {isa = PBXBuildFile; fileRef = 50FF347621AD77B700EF8513 /* LaunchScreen.storyboard */; };
		50FF348321AD77B700EF8513 /* ToDoListTests.swift in Sources */ = {isa = PBXBuildFile; fileRef = 50FF348221AD77B700EF8513 /* ToDoListTests.swift */; };
		50FF348E21AD77B700EF8513 /* ToDoListUITests.swift in Sources */ = {isa = PBXBuildFile; fileRef = 50FF348D21AD77B700EF8513 /* ToDoListUITests.swift */; };
		50FF349C21AD796B00EF8513 /* ToDo.swift in Sources */ = {isa = PBXBuildFile; fileRef = 50FF349B21AD796B00EF8513 /* ToDo.swift */; };
		50FF349E21AD7A6400EF8513 /* ToDoTableViewController.swift in Sources */ = {isa = PBXBuildFile; fileRef = 50FF349D21AD7A6400EF8513 /* ToDoTableViewController.swift */; };
		50FF34A021AE888E00EF8513 /* ToDoButton.swift in Sources */ = {isa = PBXBuildFile; fileRef = 50FF349F21AE888E00EF8513 /* ToDoButton.swift */; };
		50FF34A221AEA0F000EF8513 /* ToDoCell.swift in Sources */ = {isa = PBXBuildFile; fileRef = 50FF34A121AEA0F000EF8513 /* ToDoCell.swift */; };
/* End PBXBuildFile section */

/* Begin PBXContainerItemProxy section */
		50FF347F21AD77B700EF8513 /* PBXContainerItemProxy */ = {
			isa = PBXContainerItemProxy;
			containerPortal = 50FF346221AD77B300EF8513 /* Project object */;
			proxyType = 1;
			remoteGlobalIDString = 50FF346921AD77B400EF8513;
			remoteInfo = ToDoList;
		};
		50FF348A21AD77B700EF8513 /* PBXContainerItemProxy */ = {
			isa = PBXContainerItemProxy;
			containerPortal = 50FF346221AD77B300EF8513 /* Project object */;
			proxyType = 1;
			remoteGlobalIDString = 50FF346921AD77B400EF8513;
			remoteInfo = ToDoList;
		};
/* End PBXContainerItemProxy section */

/* Begin PBXFileReference section */
		50FF346A21AD77B400EF8513 /* ToDoList.app */ = {isa = PBXFileReference; explicitFileType = wrapper.application; includeInIndex = 0; path = ToDoList.app; sourceTree = BUILT_PRODUCTS_DIR; };
		50FF346D21AD77B400EF8513 /* AppDelegate.swift */ = {isa = PBXFileReference; lastKnownFileType = sourcecode.swift; path = AppDelegate.swift; sourceTree = "<group>"; };
		50FF347221AD77B400EF8513 /* Base */ = {isa = PBXFileReference; lastKnownFileType = file.storyboard; name = Base; path = Base.lproj/Main.storyboard; sourceTree = "<group>"; };
		50FF347421AD77B700EF8513 /* Assets.xcassets */ = {isa = PBXFileReference; lastKnownFileType = folder.assetcatalog; path = Assets.xcassets; sourceTree = "<group>"; };
		50FF347721AD77B700EF8513 /* Base */ = {isa = PBXFileReference; lastKnownFileType = file.storyboard; name = Base; path = Base.lproj/LaunchScreen.storyboard; sourceTree = "<group>"; };
		50FF347921AD77B700EF8513 /* Info.plist */ = {isa = PBXFileReference; lastKnownFileType = text.plist.xml; path = Info.plist; sourceTree = "<group>"; };
		50FF347E21AD77B700EF8513 /* ToDoListTests.xctest */ = {isa = PBXFileReference; explicitFileType = wrapper.cfbundle; includeInIndex = 0; path = ToDoListTests.xctest; sourceTree = BUILT_PRODUCTS_DIR; };
		50FF348221AD77B700EF8513 /* ToDoListTests.swift */ = {isa = PBXFileReference; lastKnownFileType = sourcecode.swift; path = ToDoListTests.swift; sourceTree = "<group>"; };
		50FF348421AD77B700EF8513 /* Info.plist */ = {isa = PBXFileReference; lastKnownFileType = text.plist.xml; path = Info.plist; sourceTree = "<group>"; };
		50FF348921AD77B700EF8513 /* ToDoListUITests.xctest */ = {isa = PBXFileReference; explicitFileType = wrapper.cfbundle; includeInIndex = 0; path = ToDoListUITests.xctest; sourceTree = BUILT_PRODUCTS_DIR; };
		50FF348D21AD77B700EF8513 /* ToDoListUITests.swift */ = {isa = PBXFileReference; lastKnownFileType = sourcecode.swift; path = ToDoListUITests.swift; sourceTree = "<group>"; };
		50FF348F21AD77B700EF8513 /* Info.plist */ = {isa = PBXFileReference; lastKnownFileType = text.plist.xml; path = Info.plist; sourceTree = "<group>"; };
		50FF349B21AD796B00EF8513 /* ToDo.swift */ = {isa = PBXFileReference; lastKnownFileType = sourcecode.swift; path = ToDo.swift; sourceTree = "<group>"; };
		50FF349D21AD7A6400EF8513 /* ToDoTableViewController.swift */ = {isa = PBXFileReference; lastKnownFileType = sourcecode.swift; path = ToDoTableViewController.swift; sourceTree = "<group>"; };
		50FF349F21AE888E00EF8513 /* ToDoButton.swift */ = {isa = PBXFileReference; lastKnownFileType = sourcecode.swift; path = ToDoButton.swift; sourceTree = "<group>"; };
		50FF34A121AEA0F000EF8513 /* ToDoCell.swift */ = {isa = PBXFileReference; lastKnownFileType = sourcecode.swift; path = ToDoCell.swift; sourceTree = "<group>"; };
/* End PBXFileReference section */

/* Begin PBXFrameworksBuildPhase section */
		50FF346721AD77B400EF8513 /* Frameworks */ = {
			isa = PBXFrameworksBuildPhase;
			buildActionMask = 2147483647;
			files = (
			);
			runOnlyForDeploymentPostprocessing = 0;
		};
		50FF347B21AD77B700EF8513 /* Frameworks */ = {
			isa = PBXFrameworksBuildPhase;
			buildActionMask = 2147483647;
			files = (
			);
			runOnlyForDeploymentPostprocessing = 0;
		};
		50FF348621AD77B700EF8513 /* Frameworks */ = {
			isa = PBXFrameworksBuildPhase;
			buildActionMask = 2147483647;
			files = (
			);
			runOnlyForDeploymentPostprocessing = 0;
		};
/* End PBXFrameworksBuildPhase section */

/* Begin PBXGroup section */
		50FF346121AD77B300EF8513 = {
			isa = PBXGroup;
			children = (
				50FF346C21AD77B400EF8513 /* ToDoList */,
				50FF348121AD77B700EF8513 /* ToDoListTests */,
				50FF348C21AD77B700EF8513 /* ToDoListUITests */,
				50FF346B21AD77B400EF8513 /* Products */,
			);
			sourceTree = "<group>";
		};
		50FF346B21AD77B400EF8513 /* Products */ = {
			isa = PBXGroup;
			children = (
				50FF346A21AD77B400EF8513 /* ToDoList.app */,
				50FF347E21AD77B700EF8513 /* ToDoListTests.xctest */,
				50FF348921AD77B700EF8513 /* ToDoListUITests.xctest */,
			);
			name = Products;
			sourceTree = "<group>";
		};
		50FF346C21AD77B400EF8513 /* ToDoList */ = {
			isa = PBXGroup;
			children = (
				50FF346D21AD77B400EF8513 /* AppDelegate.swift */,
				50FF349B21AD796B00EF8513 /* ToDo.swift */,
				50FF349D21AD7A6400EF8513 /* ToDoTableViewController.swift */,
				50FF34A121AEA0F000EF8513 /* ToDoCell.swift */,
				50FF349F21AE888E00EF8513 /* ToDoButton.swift */,
				50FF347121AD77B400EF8513 /* Main.storyboard */,
				50FF347421AD77B700EF8513 /* Assets.xcassets */,
				50FF347621AD77B700EF8513 /* LaunchScreen.storyboard */,
				50FF347921AD77B700EF8513 /* Info.plist */,
			);
			path = ToDoList;
			sourceTree = "<group>";
		};
		50FF348121AD77B700EF8513 /* ToDoListTests */ = {
			isa = PBXGroup;
			children = (
				50FF348221AD77B700EF8513 /* ToDoListTests.swift */,
				50FF348421AD77B700EF8513 /* Info.plist */,
			);
			path = ToDoListTests;
			sourceTree = "<group>";
		};
		50FF348C21AD77B700EF8513 /* ToDoListUITests */ = {
			isa = PBXGroup;
			children = (
				50FF348D21AD77B700EF8513 /* ToDoListUITests.swift */,
				50FF348F21AD77B700EF8513 /* Info.plist */,
			);
			path = ToDoListUITests;
			sourceTree = "<group>";
		};
/* End PBXGroup section */

/* Begin PBXNativeTarget section */
		50FF346921AD77B400EF8513 /* ToDoList */ = {
			isa = PBXNativeTarget;
			buildConfigurationList = 50FF349221AD77B700EF8513 /* Build configuration list for PBXNativeTarget "ToDoList" */;
			buildPhases = (
				50FF346621AD77B400EF8513 /* Sources */,
				50FF346721AD77B400EF8513 /* Frameworks */,
				50FF346821AD77B400EF8513 /* Resources */,
			);
			buildRules = (
			);
			dependencies = (
			);
			name = ToDoList;
			productName = ToDoList;
			productReference = 50FF346A21AD77B400EF8513 /* ToDoList.app */;
			productType = "com.apple.product-type.application";
		};
		50FF347D21AD77B700EF8513 /* ToDoListTests */ = {
			isa = PBXNativeTarget;
			buildConfigurationList = 50FF349521AD77B700EF8513 /* Build configuration list for PBXNativeTarget "ToDoListTests" */;
			buildPhases = (
				50FF347A21AD77B700EF8513 /* Sources */,
				50FF347B21AD77B700EF8513 /* Frameworks */,
				50FF347C21AD77B700EF8513 /* Resources */,
			);
			buildRules = (
			);
			dependencies = (
				50FF348021AD77B700EF8513 /* PBXTargetDependency */,
			);
			name = ToDoListTests;
			productName = ToDoListTests;
			productReference = 50FF347E21AD77B700EF8513 /* ToDoListTests.xctest */;
			productType = "com.apple.product-type.bundle.unit-test";
		};
		50FF348821AD77B700EF8513 /* ToDoListUITests */ = {
			isa = PBXNativeTarget;
			buildConfigurationList = 50FF349821AD77B700EF8513 /* Build configuration list for PBXNativeTarget "ToDoListUITests" */;
			buildPhases = (
				50FF348521AD77B700EF8513 /* Sources */,
				50FF348621AD77B700EF8513 /* Frameworks */,
				50FF348721AD77B700EF8513 /* Resources */,
			);
			buildRules = (
			);
			dependencies = (
				50FF348B21AD77B700EF8513 /* PBXTargetDependency */,
			);
			name = ToDoListUITests;
			productName = ToDoListUITests;
			productReference = 50FF348921AD77B700EF8513 /* ToDoListUITests.xctest */;
			productType = "com.apple.product-type.bundle.ui-testing";
		};
/* End PBXNativeTarget section */

/* Begin PBXProject section */
		50FF346221AD77B300EF8513 /* Project object */ = {
			isa = PBXProject;
			attributes = {
				LastSwiftUpdateCheck = 1010;
				LastUpgradeCheck = 1010;
				ORGANIZATIONNAME = Doortje;
				TargetAttributes = {
					50FF346921AD77B400EF8513 = {
						CreatedOnToolsVersion = 10.1;
					};
					50FF347D21AD77B700EF8513 = {
						CreatedOnToolsVersion = 10.1;
						TestTargetID = 50FF346921AD77B400EF8513;
					};
					50FF348821AD77B700EF8513 = {
						CreatedOnToolsVersion = 10.1;
						TestTargetID = 50FF346921AD77B400EF8513;
					};
				};
			};
			buildConfigurationList = 50FF346521AD77B300EF8513 /* Build configuration list for PBXProject "ToDoList" */;
			compatibilityVersion = "Xcode 9.3";
			developmentRegion = en;
			hasScannedForEncodings = 0;
			knownRegions = (
				en,
				Base,
			);
			mainGroup = 50FF346121AD77B300EF8513;
			productRefGroup = 50FF346B21AD77B400EF8513 /* Products */;
			projectDirPath = "";
			projectRoot = "";
			targets = (
				50FF346921AD77B400EF8513 /* ToDoList */,
				50FF347D21AD77B700EF8513 /* ToDoListTests */,
				50FF348821AD77B700EF8513 /* ToDoListUITests */,
			);
		};
/* End PBXProject section */

/* Begin PBXResourcesBuildPhase section */
		50FF346821AD77B400EF8513 /* Resources */ = {
			isa = PBXResourcesBuildPhase;
			buildActionMask = 2147483647;
			files = (
				50FF347821AD77B700EF8513 /* LaunchScreen.storyboard in Resources */,
				50FF347521AD77B700EF8513 /* Assets.xcassets in Resources */,
				50FF347321AD77B400EF8513 /* Main.storyboard in Resources */,
			);
			runOnlyForDeploymentPostprocessing = 0;
		};
		50FF347C21AD77B700EF8513 /* Resources */ = {
			isa = PBXResourcesBuildPhase;
			buildActionMask = 2147483647;
			files = (
			);
			runOnlyForDeploymentPostprocessing = 0;
		};
		50FF348721AD77B700EF8513 /* Resources */ = {
			isa = PBXResourcesBuildPhase;
			buildActionMask = 2147483647;
			files = (
			);
			runOnlyForDeploymentPostprocessing = 0;
		};
/* End PBXResourcesBuildPhase section */

/* Begin PBXSourcesBuildPhase section */
		50FF346621AD77B400EF8513 /* Sources */ = {
			isa = PBXSourcesBuildPhase;
			buildActionMask = 2147483647;
			files = (
				50FF346E21AD77B400EF8513 /* AppDelegate.swift in Sources */,
				50FF34A021AE888E00EF8513 /* ToDoButton.swift in Sources */,
				50FF349E21AD7A6400EF8513 /* ToDoTableViewController.swift in Sources */,
				50FF349C21AD796B00EF8513 /* ToDo.swift in Sources */,
				50FF34A221AEA0F000EF8513 /* ToDoCell.swift in Sources */,
			);
			runOnlyForDeploymentPostprocessing = 0;
		};
		50FF347A21AD77B700EF8513 /* Sources */ = {
			isa = PBXSourcesBuildPhase;
			buildActionMask = 2147483647;
			files = (
				50FF348321AD77B700EF8513 /* ToDoListTests.swift in Sources */,
			);
			runOnlyForDeploymentPostprocessing = 0;
		};
		50FF348521AD77B700EF8513 /* Sources */ = {
			isa = PBXSourcesBuildPhase;
			buildActionMask = 2147483647;
			files = (
				50FF348E21AD77B700EF8513 /* ToDoListUITests.swift in Sources */,
			);
			runOnlyForDeploymentPostprocessing = 0;
		};
/* End PBXSourcesBuildPhase section */

/* Begin PBXTargetDependency section */
		50FF348021AD77B700EF8513 /* PBXTargetDependency */ = {
			isa = PBXTargetDependency;
			target = 50FF346921AD77B400EF8513 /* ToDoList */;
			targetProxy = 50FF347F21AD77B700EF8513 /* PBXContainerItemProxy */;
		};
		50FF348B21AD77B700EF8513 /* PBXTargetDependency */ = {
			isa = PBXTargetDependency;
			target = 50FF346921AD77B400EF8513 /* ToDoList */;
			targetProxy = 50FF348A21AD77B700EF8513 /* PBXContainerItemProxy */;
		};
/* End PBXTargetDependency section */

/* Begin PBXVariantGroup section */
		50FF347121AD77B400EF8513 /* Main.storyboard */ = {
			isa = PBXVariantGroup;
			children = (
				50FF347221AD77B400EF8513 /* Base */,
			);
			name = Main.storyboard;
			sourceTree = "<group>";
		};
		50FF347621AD77B700EF8513 /* LaunchScreen.storyboard */ = {
			isa = PBXVariantGroup;
			children = (
				50FF347721AD77B700EF8513 /* Base */,
			);
			name = LaunchScreen.storyboard;
			sourceTree = "<group>";
		};
/* End PBXVariantGroup section */

/* Begin XCBuildConfiguration section */
		50FF349021AD77B700EF8513 /* Debug */ = {
			isa = XCBuildConfiguration;
			buildSettings = {
				ALWAYS_SEARCH_USER_PATHS = NO;
				CLANG_ANALYZER_NONNULL = YES;
				CLANG_ANALYZER_NUMBER_OBJECT_CONVERSION = YES_AGGRESSIVE;
				CLANG_CXX_LANGUAGE_STANDARD = "gnu++14";
				CLANG_CXX_LIBRARY = "libc++";
				CLANG_ENABLE_MODULES = YES;
				CLANG_ENABLE_OBJC_ARC = YES;
				CLANG_ENABLE_OBJC_WEAK = YES;
				CLANG_WARN_BLOCK_CAPTURE_AUTORELEASING = YES;
				CLANG_WARN_BOOL_CONVERSION = YES;
				CLANG_WARN_COMMA = YES;
				CLANG_WARN_CONSTANT_CONVERSION = YES;
				CLANG_WARN_DEPRECATED_OBJC_IMPLEMENTATIONS = YES;
				CLANG_WARN_DIRECT_OBJC_ISA_USAGE = YES_ERROR;
				CLANG_WARN_DOCUMENTATION_COMMENTS = YES;
				CLANG_WARN_EMPTY_BODY = YES;
				CLANG_WARN_ENUM_CONVERSION = YES;
				CLANG_WARN_INFINITE_RECURSION = YES;
				CLANG_WARN_INT_CONVERSION = YES;
				CLANG_WARN_NON_LITERAL_NULL_CONVERSION = YES;
				CLANG_WARN_OBJC_IMPLICIT_RETAIN_SELF = YES;
				CLANG_WARN_OBJC_LITERAL_CONVERSION = YES;
				CLANG_WARN_OBJC_ROOT_CLASS = YES_ERROR;
				CLANG_WARN_RANGE_LOOP_ANALYSIS = YES;
				CLANG_WARN_STRICT_PROTOTYPES = YES;
				CLANG_WARN_SUSPICIOUS_MOVE = YES;
				CLANG_WARN_UNGUARDED_AVAILABILITY = YES_AGGRESSIVE;
				CLANG_WARN_UNREACHABLE_CODE = YES;
				CLANG_WARN__DUPLICATE_METHOD_MATCH = YES;
				CODE_SIGN_IDENTITY = "iPhone Developer";
				COPY_PHASE_STRIP = NO;
				DEBUG_INFORMATION_FORMAT = dwarf;
				ENABLE_STRICT_OBJC_MSGSEND = YES;
				ENABLE_TESTABILITY = YES;
				GCC_C_LANGUAGE_STANDARD = gnu11;
				GCC_DYNAMIC_NO_PIC = NO;
				GCC_NO_COMMON_BLOCKS = YES;
				GCC_OPTIMIZATION_LEVEL = 0;
				GCC_PREPROCESSOR_DEFINITIONS = (
					"DEBUG=1",
					"$(inherited)",
				);
				GCC_WARN_64_TO_32_BIT_CONVERSION = YES;
				GCC_WARN_ABOUT_RETURN_TYPE = YES_ERROR;
				GCC_WARN_UNDECLARED_SELECTOR = YES;
				GCC_WARN_UNINITIALIZED_AUTOS = YES_AGGRESSIVE;
				GCC_WARN_UNUSED_FUNCTION = YES;
				GCC_WARN_UNUSED_VARIABLE = YES;
				IPHONEOS_DEPLOYMENT_TARGET = 12.1;
				MTL_ENABLE_DEBUG_INFO = INCLUDE_SOURCE;
				MTL_FAST_MATH = YES;
				ONLY_ACTIVE_ARCH = YES;
				SDKROOT = iphoneos;
				SWIFT_ACTIVE_COMPILATION_CONDITIONS = DEBUG;
				SWIFT_OPTIMIZATION_LEVEL = "-Onone";
			};
			name = Debug;
		};
		50FF349121AD77B700EF8513 /* Release */ = {
			isa = XCBuildConfiguration;
			buildSettings = {
				ALWAYS_SEARCH_USER_PATHS = NO;
				CLANG_ANALYZER_NONNULL = YES;
				CLANG_ANALYZER_NUMBER_OBJECT_CONVERSION = YES_AGGRESSIVE;
				CLANG_CXX_LANGUAGE_STANDARD = "gnu++14";
				CLANG_CXX_LIBRARY = "libc++";
				CLANG_ENABLE_MODULES = YES;
				CLANG_ENABLE_OBJC_ARC = YES;
				CLANG_ENABLE_OBJC_WEAK = YES;
				CLANG_WARN_BLOCK_CAPTURE_AUTORELEASING = YES;
				CLANG_WARN_BOOL_CONVERSION = YES;
				CLANG_WARN_COMMA = YES;
				CLANG_WARN_CONSTANT_CONVERSION = YES;
				CLANG_WARN_DEPRECATED_OBJC_IMPLEMENTATIONS = YES;
				CLANG_WARN_DIRECT_OBJC_ISA_USAGE = YES_ERROR;
				CLANG_WARN_DOCUMENTATION_COMMENTS = YES;
				CLANG_WARN_EMPTY_BODY = YES;
				CLANG_WARN_ENUM_CONVERSION = YES;
				CLANG_WARN_INFINITE_RECURSION = YES;
				CLANG_WARN_INT_CONVERSION = YES;
				CLANG_WARN_NON_LITERAL_NULL_CONVERSION = YES;
				CLANG_WARN_OBJC_IMPLICIT_RETAIN_SELF = YES;
				CLANG_WARN_OBJC_LITERAL_CONVERSION = YES;
				CLANG_WARN_OBJC_ROOT_CLASS = YES_ERROR;
				CLANG_WARN_RANGE_LOOP_ANALYSIS = YES;
				CLANG_WARN_STRICT_PROTOTYPES = YES;
				CLANG_WARN_SUSPICIOUS_MOVE = YES;
				CLANG_WARN_UNGUARDED_AVAILABILITY = YES_AGGRESSIVE;
				CLANG_WARN_UNREACHABLE_CODE = YES;
				CLANG_WARN__DUPLICATE_METHOD_MATCH = YES;
				CODE_SIGN_IDENTITY = "iPhone Developer";
				COPY_PHASE_STRIP = NO;
				DEBUG_INFORMATION_FORMAT = "dwarf-with-dsym";
				ENABLE_NS_ASSERTIONS = NO;
				ENABLE_STRICT_OBJC_MSGSEND = YES;
				GCC_C_LANGUAGE_STANDARD = gnu11;
				GCC_NO_COMMON_BLOCKS = YES;
				GCC_WARN_64_TO_32_BIT_CONVERSION = YES;
				GCC_WARN_ABOUT_RETURN_TYPE = YES_ERROR;
				GCC_WARN_UNDECLARED_SELECTOR = YES;
				GCC_WARN_UNINITIALIZED_AUTOS = YES_AGGRESSIVE;
				GCC_WARN_UNUSED_FUNCTION = YES;
				GCC_WARN_UNUSED_VARIABLE = YES;
				IPHONEOS_DEPLOYMENT_TARGET = 12.1;
				MTL_ENABLE_DEBUG_INFO = NO;
				MTL_FAST_MATH = YES;
				SDKROOT = iphoneos;
				SWIFT_COMPILATION_MODE = wholemodule;
				SWIFT_OPTIMIZATION_LEVEL = "-O";
				VALIDATE_PRODUCT = YES;
			};
			name = Release;
		};
		50FF349321AD77B700EF8513 /* Debug */ = {
			isa = XCBuildConfiguration;
			buildSettings = {
				ASSETCATALOG_COMPILER_APPICON_NAME = AppIcon;
				CODE_SIGN_STYLE = Automatic;
				DEVELOPMENT_TEAM = 5KAFJAV3SW;
				INFOPLIST_FILE = ToDoList/Info.plist;
				LD_RUNPATH_SEARCH_PATHS = (
					"$(inherited)",
					"@executable_path/Frameworks",
				);
				PRODUCT_BUNDLE_IDENTIFIER = Doortje.ToDoList;
				PRODUCT_NAME = "$(TARGET_NAME)";
				SWIFT_VERSION = 4.2;
				TARGETED_DEVICE_FAMILY = "1,2";
			};
			name = Debug;
		};
		50FF349421AD77B700EF8513 /* Release */ = {
			isa = XCBuildConfiguration;
			buildSettings = {
				ASSETCATALOG_COMPILER_APPICON_NAME = AppIcon;
				CODE_SIGN_STYLE = Automatic;
				DEVELOPMENT_TEAM = 5KAFJAV3SW;
				INFOPLIST_FILE = ToDoList/Info.plist;
				LD_RUNPATH_SEARCH_PATHS = (
					"$(inherited)",
					"@executable_path/Frameworks",
				);
				PRODUCT_BUNDLE_IDENTIFIER = Doortje.ToDoList;
				PRODUCT_NAME = "$(TARGET_NAME)";
				SWIFT_VERSION = 4.2;
				TARGETED_DEVICE_FAMILY = "1,2";
			};
			name = Release;
		};
		50FF349621AD77B700EF8513 /* Debug */ = {
			isa = XCBuildConfiguration;
			buildSettings = {
				ALWAYS_EMBED_SWIFT_STANDARD_LIBRARIES = YES;
				BUNDLE_LOADER = "$(TEST_HOST)";
				CODE_SIGN_STYLE = Automatic;
				DEVELOPMENT_TEAM = 5KAFJAV3SW;
				INFOPLIST_FILE = ToDoListTests/Info.plist;
				LD_RUNPATH_SEARCH_PATHS = (
					"$(inherited)",
					"@executable_path/Frameworks",
					"@loader_path/Frameworks",
				);
				PRODUCT_BUNDLE_IDENTIFIER = Doortje.ToDoListTests;
				PRODUCT_NAME = "$(TARGET_NAME)";
				SWIFT_VERSION = 4.2;
				TARGETED_DEVICE_FAMILY = "1,2";
				TEST_HOST = "$(BUILT_PRODUCTS_DIR)/ToDoList.app/ToDoList";
			};
			name = Debug;
		};
		50FF349721AD77B700EF8513 /* Release */ = {
			isa = XCBuildConfiguration;
			buildSettings = {
				ALWAYS_EMBED_SWIFT_STANDARD_LIBRARIES = YES;
				BUNDLE_LOADER = "$(TEST_HOST)";
				CODE_SIGN_STYLE = Automatic;
				DEVELOPMENT_TEAM = 5KAFJAV3SW;
				INFOPLIST_FILE = ToDoListTests/Info.plist;
				LD_RUNPATH_SEARCH_PATHS = (
					"$(inherited)",
					"@executable_path/Frameworks",
					"@loader_path/Frameworks",
				);
				PRODUCT_BUNDLE_IDENTIFIER = Doortje.ToDoListTests;
				PRODUCT_NAME = "$(TARGET_NAME)";
				SWIFT_VERSION = 4.2;
				TARGETED_DEVICE_FAMILY = "1,2";
				TEST_HOST = "$(BUILT_PRODUCTS_DIR)/ToDoList.app/ToDoList";
			};
			name = Release;
		};
		50FF349921AD77B700EF8513 /* Debug */ = {
			isa = XCBuildConfiguration;
			buildSettings = {
				ALWAYS_EMBED_SWIFT_STANDARD_LIBRARIES = YES;
				CODE_SIGN_STYLE = Automatic;
				DEVELOPMENT_TEAM = 5KAFJAV3SW;
				INFOPLIST_FILE = ToDoListUITests/Info.plist;
				LD_RUNPATH_SEARCH_PATHS = (
					"$(inherited)",
					"@executable_path/Frameworks",
					"@loader_path/Frameworks",
				);
				PRODUCT_BUNDLE_IDENTIFIER = Doortje.ToDoListUITests;
				PRODUCT_NAME = "$(TARGET_NAME)";
				SWIFT_VERSION = 4.2;
				TARGETED_DEVICE_FAMILY = "1,2";
				TEST_TARGET_NAME = ToDoList;
			};
			name = Debug;
		};
		50FF349A21AD77B700EF8513 /* Release */ = {
			isa = XCBuildConfiguration;
			buildSettings = {
				ALWAYS_EMBED_SWIFT_STANDARD_LIBRARIES = YES;
				CODE_SIGN_STYLE = Automatic;
				DEVELOPMENT_TEAM = 5KAFJAV3SW;
				INFOPLIST_FILE = ToDoListUITests/Info.plist;
				LD_RUNPATH_SEARCH_PATHS = (
					"$(inherited)",
					"@executable_path/Frameworks",
					"@loader_path/Frameworks",
				);
				PRODUCT_BUNDLE_IDENTIFIER = Doortje.ToDoListUITests;
				PRODUCT_NAME = "$(TARGET_NAME)";
				SWIFT_VERSION = 4.2;
				TARGETED_DEVICE_FAMILY = "1,2";
				TEST_TARGET_NAME = ToDoList;
			};
			name = Release;
		};
/* End XCBuildConfiguration section */

/* Begin XCConfigurationList section */
		50FF346521AD77B300EF8513 /* Build configuration list for PBXProject "ToDoList" */ = {
			isa = XCConfigurationList;
			buildConfigurations = (
				50FF349021AD77B700EF8513 /* Debug */,
				50FF349121AD77B700EF8513 /* Release */,
			);
			defaultConfigurationIsVisible = 0;
			defaultConfigurationName = Release;
		};
		50FF349221AD77B700EF8513 /* Build configuration list for PBXNativeTarget "ToDoList" */ = {
			isa = XCConfigurationList;
			buildConfigurations = (
				50FF349321AD77B700EF8513 /* Debug */,
				50FF349421AD77B700EF8513 /* Release */,
			);
			defaultConfigurationIsVisible = 0;
			defaultConfigurationName = Release;
		};
		50FF349521AD77B700EF8513 /* Build configuration list for PBXNativeTarget "ToDoListTests" */ = {
			isa = XCConfigurationList;
			buildConfigurations = (
				50FF349621AD77B700EF8513 /* Debug */,
				50FF349721AD77B700EF8513 /* Release */,
			);
			defaultConfigurationIsVisible = 0;
			defaultConfigurationName = Release;
		};
		50FF349821AD77B700EF8513 /* Build configuration list for PBXNativeTarget "ToDoListUITests" */ = {
			isa = XCConfigurationList;
			buildConfigurations = (
				50FF349921AD77B700EF8513 /* Debug */,
				50FF349A21AD77B700EF8513 /* Release */,
			);
			defaultConfigurationIsVisible = 0;
			defaultConfigurationName = Release;
		};
/* End XCConfigurationList section */
	};
	rootObject = 50FF346221AD77B300EF8513 /* Project object */;
}
